
Microsoft Visual Studio Solution File, Format Version 12.00
# Visual Studio Version 17
VisualStudioVersion = 17.0.31912.275
MinimumVisualStudioVersion = 10.0.40219.1
Project("{FAE04EC0-301F-11D3-BF4B-00C04F79EFBC}") = "guru99", "guru99\guru99.csproj", "{B7021C40-E7A7-41E0-A621-0D34015D4D36}"
EndProject
Global
	GlobalSection(SolutionConfigurationPlatforms) = preSolution
		Debug|Any CPU = Debug|Any CPU
		Release|Any CPU = Release|Any CPU
	EndGlobalSection
	GlobalSection(ProjectConfigurationPlatforms) = postSolution
		{B7021C40-E7A7-41E0-A621-0D34015D4D36}.Debug|Any CPU.ActiveCfg = Debug|Any CPU
		{B7021C40-E7A7-41E0-A621-0D34015D4D36}.Debug|Any CPU.Build.0 = Debug|Any CPU
		{B7021C40-E7A7-41E0-A621-0D34015D4D36}.Release|Any CPU.ActiveCfg = Release|Any CPU
		{B7021C40-E7A7-41E0-A621-0D34015D4D36}.Release|Any CPU.Build.0 = Release|Any CPU
	EndGlobalSection
	GlobalSection(SolutionProperties) = preSolution
		HideSolutionNode = FALSE
	EndGlobalSection
	GlobalSection(ExtensibilityGlobals) = postSolution
		SolutionGuid = {8AD667A2-CC43-4B47-B4AE-450339082191}
	EndGlobalSection
EndGlobal
